
Microsoft Visual Studio Solution File, Format Version 12.00
# Visual Studio Version 17
VisualStudioVersion = 17.14.36616.10 d17.14
MinimumVisualStudioVersion = 10.0.40219.1
Project("{FAE04EC0-301F-11D3-BF4B-00C04F79EFBC}") = "BakingAssistanceTool", "BakingAssistanceTool\BakingAssistanceTool.csproj", "{78450973-6CB5-411B-85B9-B025D57AFB65}"
EndProject
Global
	GlobalSection(SolutionConfigurationPlatforms) = preSolution
		Debug|Any CPU = Debug|Any CPU
		Release|Any CPU = Release|Any CPU
	EndGlobalSection
	GlobalSection(ProjectConfigurationPlatforms) = postSolution
		{78450973-6CB5-411B-85B9-B025D57AFB65}.Debug|Any CPU.ActiveCfg = Debug|Any CPU
		{78450973-6CB5-411B-85B9-B025D57AFB65}.Debug|Any CPU.Build.0 = Debug|Any CPU
		{78450973-6CB5-411B-85B9-B025D57AFB65}.Release|Any CPU.ActiveCfg = Release|Any CPU
		{78450973-6CB5-411B-85B9-B025D57AFB65}.Release|Any CPU.Build.0 = Release|Any CPU
	EndGlobalSection
	GlobalSection(SolutionProperties) = preSolution
		HideSolutionNode = FALSE
	EndGlobalSection
	GlobalSection(ExtensibilityGlobals) = postSolution
		SolutionGuid = {C2960C5A-1433-4D9B-B9EA-31A6297F916B}
	EndGlobalSection
EndGlobal
